<?xml version="1.0" encoding="utf-8"?>
<Project ToolsVersion="4.0" xmlns="http://schemas.microsoft.com/developer/msbuild/2003">
  <ItemGroup>
    <Filter Include="Source Files">
      <UniqueIdentifier>{4FC737F1-C7A5-4376-A066-2A32D752A2FF}</UniqueIdentifier>
      <Extensions>cpp;c;cc;cxx;c++;cppm;ixx;def;odl;idl;hpj;bat;asm;asmx</Extensions>
    </Filter>
    <Filter Include="Header Files">
      <UniqueIdentifier>{93995380-89BD-4b04-88EB-625FBE52EBFB}</UniqueIdentifier>
      <Extensions>h;hh;hpp;hxx;h++;hm;inl;inc;ipp;xsd</Extensions>
    </Filter>
    <Filter Include="Resource Files">
      <UniqueIdentifier>{67DA6AB6-F800-4c08-8B7A-83BB121AAD01}</UniqueIdentifier>
      <Extensions>rc;ico;cur;bmp;dlg;rc2;rct;bin;rgs;gif;jpg;jpeg;jpe;resx;tiff;tif;png;wav;mfcribbon-ms</Extensions>
    </Filter>
    <Filter Include="Shaders">
      <UniqueIdentifier>{c023f4f7-1f13-432e-93bf-ab919331a0e6}</UniqueIdentifier>
    </Filter>
    <Filter Include="ImGUI">
      <UniqueIdentifier>{d3f7b72f-8329-4479-91d4-a90757cc6c81}</UniqueIdentifier>
    </Filter>
  </ItemGroup>
  <ItemGroup>
    <ClCompile Include="main.cpp">
      <Filter>Source Files</Filter>
    </ClCompile>
    <ClCompile Include="t_engine.cpp">
      <Filter>Source Files</Filter>
    </ClCompile>
    <ClCompile Include="t_initializers.cpp">
      <Filter>Source Files</Filter>
    </ClCompile>
    <ClCompile Include="t_images.cpp">
      <Filter>Source Files</Filter>
    </ClCompile>
    <ClCompile Include="t_descriptors.cpp">
      <Filter>Source Files</Filter>
    </ClCompile>
    <ClCompile Include="t_pipelines.cpp">
      <Filter>Source Files</Filter>
    </ClCompile>
    <ClCompile Include="t_loader.cpp">
      <Filter>Source Files</Filter>
    </ClCompile>
    <ClCompile Include="t_camera.cpp">
      <Filter>Source Files</Filter>
    </ClCompile>
    <ClCompile Include="t_input.cpp">
      <Filter>Source Files</Filter>
    </ClCompile>
    <ClCompile Include="t_interop.cpp">
      <Filter>Source Files</Filter>
    </ClCompile>
    <ClCompile Include="..\..\..\OneDrive\Documents\Visual Studio 2022\Libraries\imgui-docking\backends\imgui_impl_vulkan.cpp">
      <Filter>ImGUI</Filter>
    </ClCompile>
    <ClCompile Include="..\..\..\OneDrive\Documents\Visual Studio 2022\Libraries\imgui-docking\imgui.cpp">
      <Filter>ImGUI</Filter>
    </ClCompile>
    <ClCompile Include="..\..\..\OneDrive\Documents\Visual Studio 2022\Libraries\imgui-docking\imgui_demo.cpp">
      <Filter>ImGUI</Filter>
    </ClCompile>
    <ClCompile Include="..\..\..\OneDrive\Documents\Visual Studio 2022\Libraries\imgui-docking\imgui_draw.cpp">
      <Filter>ImGUI</Filter>
    </ClCompile>
    <ClCompile Include="..\..\..\OneDrive\Documents\Visual Studio 2022\Libraries\imgui-docking\imgui_tables.cpp">
      <Filter>ImGUI</Filter>
    </ClCompile>
    <ClCompile Include="..\..\..\OneDrive\Documents\Visual Studio 2022\Libraries\imgui-docking\imgui_widgets.cpp">
      <Filter>ImGUI</Filter>
    </ClCompile>
    <ClCompile Include="..\..\..\OneDrive\Documents\Visual Studio 2022\Libraries\imgui-docking\backends\imgui_impl_glfw.cpp">
      <Filter>ImGUI</Filter>
    </ClCompile>
  </ItemGroup>
  <ItemGroup>
    <ClInclude Include="t_engine.h">
      <Filter>Header Files</Filter>
    </ClInclude>
    <ClInclude Include="t_types.h">
      <Filter>Header Files</Filter>
    </ClInclude>
    <ClInclude Include="t_initializers.h">
      <Filter>Header Files</Filter>
    </ClInclude>
    <ClInclude Include="t_images.h">
      <Filter>Header Files</Filter>
    </ClInclude>
    <ClInclude Include="t_loader.h">
      <Filter>Header Files</Filter>
    </ClInclude>
    <ClInclude Include="t_pipelines.h">
      <Filter>Header Files</Filter>
    </ClInclude>
    <ClInclude Include="t_descriptors.h">
      <Filter>Header Files</Filter>
    </ClInclude>
    <ClInclude Include="t_camera.h">
      <Filter>Header Files</Filter>
    </ClInclude>
    <ClInclude Include="t_input.h">
      <Filter>Header Files</Filter>
    </ClInclude>
    <ClInclude Include="t_pathtrace.h">
      <Filter>Header Files</Filter>
    </ClInclude>
    <ClInclude Include="t_interop.h">
      <Filter>Header Files</Filter>
    </ClInclude>
  </ItemGroup>
  <ItemGroup>
    <None Include="README.md" />
    <None Include="Shaders\gradient.slang">
      <Filter>Shaders</Filter>
    </None>
    <None Include="Shaders\compile.bat">
      <Filter>Shaders</Filter>
    </None>
    <None Include="Shaders\colorblend.slang">
      <Filter>Shaders</Filter>
    </None>
    <None Include="Shaders\triangle.slang">
      <Filter>Shaders</Filter>
    </None>
    <None Include="Shaders\buffertest.slang">
      <Filter>Shaders</Filter>
    </None>
    <None Include="Shaders\meshshader.slang">
      <Filter>Shaders</Filter>
    </None>
    <None Include="t_cudacommon.h">
      <Filter>Header Files</Filter>
    </None>
  </ItemGroup>
  <ItemGroup>
    <CudaCompile Include="t_pathtrace.cu">
      <Filter>Source Files</Filter>
    </CudaCompile>
  </ItemGroup>
</Project>